// !$*UTF8*$!
{
	archiveVersion = 1;
	classes = {
	};
	objectVersion = 56;
	objects = {

/* Begin PBXBuildFile section */
		3C3427FE2D0D4D950047C43C /* AppDelegate.swift in Sources */ = {isa = PBXBuildFile; fileRef = 3C3427FD2D0D4D950047C43C /* AppDelegate.swift */; };
		3C3428002D0D4D950047C43C /* SceneDelegate.swift in Sources */ = {isa = PBXBuildFile; fileRef = 3C3427FF2D0D4D950047C43C /* SceneDelegate.swift */; };
		3C3428072D0D4D970047C43C /* Assets.xcassets in Resources */ = {isa = PBXBuildFile; fileRef = 3C3428062D0D4D970047C43C /* Assets.xcassets */; };
		3C8C015B2D1269420000086E /* SplashViewController.swift in Sources */ = {isa = PBXBuildFile; fileRef = 3C8C015A2D1269420000086E /* SplashViewController.swift */; };
		3C8C015D2D12697A0000086E /* SplashView.swift in Sources */ = {isa = PBXBuildFile; fileRef = 3C8C015C2D12697A0000086E /* SplashView.swift */; };
		3C8C01622D126A4F0000086E /* LoginBottomSheetViewController.swift in Sources */ = {isa = PBXBuildFile; fileRef = 3C8C01612D126A4F0000086E /* LoginBottomSheetViewController.swift */; };
		3C8C01642D126A6B0000086E /* LoginBottomSheetView.swift in Sources */ = {isa = PBXBuildFile; fileRef = 3C8C01632D126A6B0000086E /* LoginBottomSheetView.swift */; };
		3C8C016A2D126AE00000086E /* Colors.constants.swift in Sources */ = {isa = PBXBuildFile; fileRef = 3C8C01692D126AE00000086E /* Colors.constants.swift */; };
		3C8C016C2D126B010000086E /* Metricks.swift in Sources */ = {isa = PBXBuildFile; fileRef = 3C8C016B2D126B010000086E /* Metricks.swift */; };
		3C8C016E2D126B230000086E /* Typography.swift in Sources */ = {isa = PBXBuildFile; fileRef = 3C8C016D2D126B230000086E /* Typography.swift */; };
		3C8C01702D126BB90000086E /* LoginBottomSheetProtocol.swift in Sources */ = {isa = PBXBuildFile; fileRef = 3C8C016F2D126BB90000086E /* LoginBottomSheetProtocol.swift */; };
		3C8C01722D126E300000086E /* LoginViewModel.swift in Sources */ = {isa = PBXBuildFile; fileRef = 3C8C01712D126E2F0000086E /* LoginViewModel.swift */; };
		3C8C01752D1273530000086E /* FirebaseAnalytics in Frameworks */ = {isa = PBXBuildFile; productRef = 3C8C01742D1273530000086E /* FirebaseAnalytics */; };
		3C8C01772D1273530000086E /* FirebaseAnalyticsOnDeviceConversion in Frameworks */ = {isa = PBXBuildFile; productRef = 3C8C01762D1273530000086E /* FirebaseAnalyticsOnDeviceConversion */; };
		3C8C01792D1273530000086E /* FirebaseAnalyticsSwift in Frameworks */ = {isa = PBXBuildFile; productRef = 3C8C01782D1273530000086E /* FirebaseAnalyticsSwift */; };
		3C8C017B2D1273530000086E /* FirebaseAnalyticsWithoutAdIdSupport in Frameworks */ = {isa = PBXBuildFile; productRef = 3C8C017A2D1273530000086E /* FirebaseAnalyticsWithoutAdIdSupport */; };
		3C8C017D2D1273530000086E /* FirebaseAppCheck in Frameworks */ = {isa = PBXBuildFile; productRef = 3C8C017C2D1273530000086E /* FirebaseAppCheck */; };
		3C8C017F2D1273530000086E /* FirebaseAppDistribution-Beta in Frameworks */ = {isa = PBXBuildFile; productRef = 3C8C017E2D1273530000086E /* FirebaseAppDistribution-Beta */; };
		3C8C01812D1273530000086E /* FirebaseAuth in Frameworks */ = {isa = PBXBuildFile; productRef = 3C8C01802D1273530000086E /* FirebaseAuth */; };
		3C8C01832D1273530000086E /* FirebaseAuthCombine-Community in Frameworks */ = {isa = PBXBuildFile; productRef = 3C8C01822D1273530000086E /* FirebaseAuthCombine-Community */; };
		3C8C01852D1273530000086E /* FirebaseCrashlytics in Frameworks */ = {isa = PBXBuildFile; productRef = 3C8C01842D1273530000086E /* FirebaseCrashlytics */; };
		3C8C01872D1273530000086E /* FirebaseDatabase in Frameworks */ = {isa = PBXBuildFile; productRef = 3C8C01862D1273530000086E /* FirebaseDatabase */; };
		3C8C01892D1273530000086E /* FirebaseDatabaseSwift in Frameworks */ = {isa = PBXBuildFile; productRef = 3C8C01882D1273530000086E /* FirebaseDatabaseSwift */; };
		3C8C018B2D1273530000086E /* FirebaseDynamicLinks in Frameworks */ = {isa = PBXBuildFile; productRef = 3C8C018A2D1273530000086E /* FirebaseDynamicLinks */; };
		3C8C01912D127A870000086E /* GoogleService-Info.plist in Resources */ = {isa = PBXBuildFile; fileRef = 3C8C01902D127A860000086E /* GoogleService-Info.plist */; };
		3C8C01932D1284940000086E /* ReminderFlowController.swift in Sources */ = {isa = PBXBuildFile; fileRef = 3C8C01922D1284940000086E /* ReminderFlowController.swift */; };
		3C9006102D139D630012FC19 /* LoginBottomSheetViewFlowDelegate.swift in Sources */ = {isa = PBXBuildFile; fileRef = 3C90060F2D139D630012FC19 /* LoginBottomSheetViewFlowDelegate.swift */; };
		3C9006122D139E5D0012FC19 /* LoginBottomSheetFlowDelegate.swift in Sources */ = {isa = PBXBuildFile; fileRef = 3C9006112D139E5D0012FC19 /* LoginBottomSheetFlowDelegate.swift */; };
		3C9006142D13AC750012FC19 /* SplashFlowDelegate .swift in Sources */ = {isa = PBXBuildFile; fileRef = 3C9006132D13AC750012FC19 /* SplashFlowDelegate .swift */; };
		3C9006182D13C1050012FC19 /* ViewControllersFactoryProtocol .swift in Sources */ = {isa = PBXBuildFile; fileRef = 3C9006172D13C1050012FC19 /* ViewControllersFactoryProtocol .swift */; };
		3C90061A2D13C2140012FC19 /* ViewControllersFactory.swift in Sources */ = {isa = PBXBuildFile; fileRef = 3C9006192D13C2140012FC19 /* ViewControllersFactory.swift */; };
/* End PBXBuildFile section */

/* Begin PBXFileReference section */
		3C3427FA2D0D4D950047C43C /* Reminder.app */ = {isa = PBXFileReference; explicitFileType = wrapper.application; includeInIndex = 0; path = Reminder.app; sourceTree = BUILT_PRODUCTS_DIR; };
		3C3427FD2D0D4D950047C43C /* AppDelegate.swift */ = {isa = PBXFileReference; lastKnownFileType = sourcecode.swift; path = AppDelegate.swift; sourceTree = "<group>"; };
		3C3427FF2D0D4D950047C43C /* SceneDelegate.swift */ = {isa = PBXFileReference; lastKnownFileType = sourcecode.swift; path = SceneDelegate.swift; sourceTree = "<group>"; };
		3C3428062D0D4D970047C43C /* Assets.xcassets */ = {isa = PBXFileReference; lastKnownFileType = folder.assetcatalog; path = Assets.xcassets; sourceTree = "<group>"; };
		3C34280B2D0D4D970047C43C /* Info.plist */ = {isa = PBXFileReference; lastKnownFileType = text.plist.xml; path = Info.plist; sourceTree = "<group>"; };
		3C8C015A2D1269420000086E /* SplashViewController.swift */ = {isa = PBXFileReference; lastKnownFileType = sourcecode.swift; path = SplashViewController.swift; sourceTree = "<group>"; };
		3C8C015C2D12697A0000086E /* SplashView.swift */ = {isa = PBXFileReference; lastKnownFileType = sourcecode.swift; path = SplashView.swift; sourceTree = "<group>"; };
		3C8C01612D126A4F0000086E /* LoginBottomSheetViewController.swift */ = {isa = PBXFileReference; lastKnownFileType = sourcecode.swift; path = LoginBottomSheetViewController.swift; sourceTree = "<group>"; };
		3C8C01632D126A6B0000086E /* LoginBottomSheetView.swift */ = {isa = PBXFileReference; lastKnownFileType = sourcecode.swift; path = LoginBottomSheetView.swift; sourceTree = "<group>"; };
		3C8C01692D126AE00000086E /* Colors.constants.swift */ = {isa = PBXFileReference; lastKnownFileType = sourcecode.swift; path = Colors.constants.swift; sourceTree = "<group>"; };
		3C8C016B2D126B010000086E /* Metricks.swift */ = {isa = PBXFileReference; lastKnownFileType = sourcecode.swift; path = Metricks.swift; sourceTree = "<group>"; };
		3C8C016D2D126B230000086E /* Typography.swift */ = {isa = PBXFileReference; lastKnownFileType = sourcecode.swift; path = Typography.swift; sourceTree = "<group>"; };
		3C8C016F2D126BB90000086E /* LoginBottomSheetProtocol.swift */ = {isa = PBXFileReference; lastKnownFileType = sourcecode.swift; path = LoginBottomSheetProtocol.swift; sourceTree = "<group>"; };
		3C8C01712D126E2F0000086E /* LoginViewModel.swift */ = {isa = PBXFileReference; lastKnownFileType = sourcecode.swift; path = LoginViewModel.swift; sourceTree = "<group>"; };
		3C8C01902D127A860000086E /* GoogleService-Info.plist */ = {isa = PBXFileReference; fileEncoding = 4; lastKnownFileType = text.plist.xml; path = "GoogleService-Info.plist"; sourceTree = "<group>"; };
		3C8C01922D1284940000086E /* ReminderFlowController.swift */ = {isa = PBXFileReference; lastKnownFileType = sourcecode.swift; path = ReminderFlowController.swift; sourceTree = "<group>"; };
		3C90060F2D139D630012FC19 /* LoginBottomSheetViewFlowDelegate.swift */ = {isa = PBXFileReference; lastKnownFileType = sourcecode.swift; path = LoginBottomSheetViewFlowDelegate.swift; sourceTree = "<group>"; };
		3C9006112D139E5D0012FC19 /* LoginBottomSheetFlowDelegate.swift */ = {isa = PBXFileReference; lastKnownFileType = sourcecode.swift; path = LoginBottomSheetFlowDelegate.swift; sourceTree = "<group>"; };
		3C9006132D13AC750012FC19 /* SplashFlowDelegate .swift */ = {isa = PBXFileReference; lastKnownFileType = sourcecode.swift; path = "SplashFlowDelegate .swift"; sourceTree = "<group>"; };
		3C9006172D13C1050012FC19 /* ViewControllersFactoryProtocol .swift */ = {isa = PBXFileReference; lastKnownFileType = sourcecode.swift; path = "ViewControllersFactoryProtocol .swift"; sourceTree = "<group>"; };
		3C9006192D13C2140012FC19 /* ViewControllersFactory.swift */ = {isa = PBXFileReference; lastKnownFileType = sourcecode.swift; path = ViewControllersFactory.swift; sourceTree = "<group>"; };
/* End PBXFileReference section */

/* Begin PBXFrameworksBuildPhase section */
		3C3427F72D0D4D950047C43C /* Frameworks */ = {
			isa = PBXFrameworksBuildPhase;
			buildActionMask = 2147483647;
			files = (
				3C8C01872D1273530000086E /* FirebaseDatabase in Frameworks */,
				3C8C01792D1273530000086E /* FirebaseAnalyticsSwift in Frameworks */,
				3C8C01752D1273530000086E /* FirebaseAnalytics in Frameworks */,
				3C8C01772D1273530000086E /* FirebaseAnalyticsOnDeviceConversion in Frameworks */,
				3C8C017D2D1273530000086E /* FirebaseAppCheck in Frameworks */,
				3C8C017B2D1273530000086E /* FirebaseAnalyticsWithoutAdIdSupport in Frameworks */,
				3C8C01812D1273530000086E /* FirebaseAuth in Frameworks */,
				3C8C01852D1273530000086E /* FirebaseCrashlytics in Frameworks */,
				3C8C01892D1273530000086E /* FirebaseDatabaseSwift in Frameworks */,
				3C8C017F2D1273530000086E /* FirebaseAppDistribution-Beta in Frameworks */,
				3C8C01832D1273530000086E /* FirebaseAuthCombine-Community in Frameworks */,
				3C8C018B2D1273530000086E /* FirebaseDynamicLinks in Frameworks */,
			);
			runOnlyForDeploymentPostprocessing = 0;
		};
/* End PBXFrameworksBuildPhase section */

/* Begin PBXGroup section */
		3C3427F12D0D4D950047C43C = {
			isa = PBXGroup;
			children = (
				3C3427FC2D0D4D950047C43C /* Reminder */,
				3C3427FB2D0D4D950047C43C /* Products */,
			);
			sourceTree = "<group>";
		};
		3C3427FB2D0D4D950047C43C /* Products */ = {
			isa = PBXGroup;
			children = (
				3C3427FA2D0D4D950047C43C /* Reminder.app */,
			);
			name = Products;
			sourceTree = "<group>";
		};
		3C3427FC2D0D4D950047C43C /* Reminder */ = {
			isa = PBXGroup;
			children = (
				3C8C01902D127A860000086E /* GoogleService-Info.plist */,
				3C8C01552D1268D40000086E /* Source  */,
				3C3427FD2D0D4D950047C43C /* AppDelegate.swift */,
				3C3427FF2D0D4D950047C43C /* SceneDelegate.swift */,
				3C8C01922D1284940000086E /* ReminderFlowController.swift */,
				3C3428062D0D4D970047C43C /* Assets.xcassets */,
				3C34280B2D0D4D970047C43C /* Info.plist */,
			);
			path = Reminder;
			sourceTree = "<group>";
		};
		3C8C01552D1268D40000086E /* Source  */ = {
			isa = PBXGroup;
			children = (
				3C9006152D13C0B40012FC19 /* DependencyInjection */,
				3C8C01652D126A9B0000086E /* Constants */,
				3C8C01602D126A2E0000086E /* LoginBottomSheet */,
				3C8C015F2D12698F0000086E /* ViewModel */,
				3C8C015E2D1269890000086E /* Login */,
				3C8C01562D1268DB0000086E /* Splash */,
			);
			path = "Source ";
			sourceTree = "<group>";
		};
		3C8C01562D1268DB0000086E /* Splash */ = {
			isa = PBXGroup;
			children = (
				3C8C015A2D1269420000086E /* SplashViewController.swift */,
				3C8C015C2D12697A0000086E /* SplashView.swift */,
				3C9006132D13AC750012FC19 /* SplashFlowDelegate .swift */,
			);
			path = Splash;
			sourceTree = "<group>";
		};
		3C8C015E2D1269890000086E /* Login */ = {
			isa = PBXGroup;
			children = (
			);
			path = Login;
			sourceTree = "<group>";
		};
		3C8C015F2D12698F0000086E /* ViewModel */ = {
			isa = PBXGroup;
			children = (
				3C8C01712D126E2F0000086E /* LoginViewModel.swift */,
				3C9006112D139E5D0012FC19 /* LoginBottomSheetFlowDelegate.swift */,
			);
			path = ViewModel;
			sourceTree = "<group>";
		};
		3C8C01602D126A2E0000086E /* LoginBottomSheet */ = {
			isa = PBXGroup;
			children = (
				3C8C01612D126A4F0000086E /* LoginBottomSheetViewController.swift */,
				3C8C01632D126A6B0000086E /* LoginBottomSheetView.swift */,
				3C8C016F2D126BB90000086E /* LoginBottomSheetProtocol.swift */,
				3C90060F2D139D630012FC19 /* LoginBottomSheetViewFlowDelegate.swift */,
			);
			path = LoginBottomSheet;
			sourceTree = "<group>";
		};
		3C8C01652D126A9B0000086E /* Constants */ = {
			isa = PBXGroup;
			children = (
				3C8C01682D126AB60000086E /* Text */,
				3C8C01672D126AAC0000086E /* Metrics */,
				3C8C01662D126AA30000086E /* Colors */,
			);
			path = Constants;
			sourceTree = "<group>";
		};
		3C8C01662D126AA30000086E /* Colors */ = {
			isa = PBXGroup;
			children = (
				3C8C01692D126AE00000086E /* Colors.constants.swift */,
			);
			path = Colors;
			sourceTree = "<group>";
		};
		3C8C01672D126AAC0000086E /* Metrics */ = {
			isa = PBXGroup;
			children = (
				3C8C016B2D126B010000086E /* Metricks.swift */,
			);
			path = Metrics;
			sourceTree = "<group>";
		};
		3C8C01682D126AB60000086E /* Text */ = {
			isa = PBXGroup;
			children = (
				3C8C016D2D126B230000086E /* Typography.swift */,
			);
			path = Text;
			sourceTree = "<group>";
		};
		3C9006152D13C0B40012FC19 /* DependencyInjection */ = {
			isa = PBXGroup;
			children = (
				3C9006162D13C0CA0012FC19 /* ViewControllersFactory */,
			);
			path = DependencyInjection;
			sourceTree = "<group>";
		};
		3C9006162D13C0CA0012FC19 /* ViewControllersFactory */ = {
			isa = PBXGroup;
			children = (
				3C9006172D13C1050012FC19 /* ViewControllersFactoryProtocol .swift */,
				3C9006192D13C2140012FC19 /* ViewControllersFactory.swift */,
			);
			path = ViewControllersFactory;
			sourceTree = "<group>";
		};
/* End PBXGroup section */

/* Begin PBXNativeTarget section */
		3C3427F92D0D4D950047C43C /* Reminder */ = {
			isa = PBXNativeTarget;
			buildConfigurationList = 3C34280E2D0D4D970047C43C /* Build configuration list for PBXNativeTarget "Reminder" */;
			buildPhases = (
				3C3427F62D0D4D950047C43C /* Sources */,
				3C3427F72D0D4D950047C43C /* Frameworks */,
				3C3427F82D0D4D950047C43C /* Resources */,
			);
			buildRules = (
			);
			dependencies = (
			);
			name = Reminder;
			packageProductDependencies = (
				3C8C01742D1273530000086E /* FirebaseAnalytics */,
				3C8C01762D1273530000086E /* FirebaseAnalyticsOnDeviceConversion */,
				3C8C01782D1273530000086E /* FirebaseAnalyticsSwift */,
				3C8C017A2D1273530000086E /* FirebaseAnalyticsWithoutAdIdSupport */,
				3C8C017C2D1273530000086E /* FirebaseAppCheck */,
				3C8C017E2D1273530000086E /* FirebaseAppDistribution-Beta */,
				3C8C01802D1273530000086E /* FirebaseAuth */,
				3C8C01822D1273530000086E /* FirebaseAuthCombine-Community */,
				3C8C01842D1273530000086E /* FirebaseCrashlytics */,
				3C8C01862D1273530000086E /* FirebaseDatabase */,
				3C8C01882D1273530000086E /* FirebaseDatabaseSwift */,
				3C8C018A2D1273530000086E /* FirebaseDynamicLinks */,
			);
			productName = Reminder;
			productReference = 3C3427FA2D0D4D950047C43C /* Reminder.app */;
			productType = "com.apple.product-type.application";
		};
/* End PBXNativeTarget section */

/* Begin PBXProject section */
		3C3427F22D0D4D950047C43C /* Project object */ = {
			isa = PBXProject;
			attributes = {
				BuildIndependentTargetsInParallel = 1;
				LastSwiftUpdateCheck = 1430;
				LastUpgradeCheck = 1430;
				TargetAttributes = {
					3C3427F92D0D4D950047C43C = {
						CreatedOnToolsVersion = 14.3.1;
						LastSwiftMigration = 1520;
					};
				};
			};
			buildConfigurationList = 3C3427F52D0D4D950047C43C /* Build configuration list for PBXProject "Reminder" */;
			compatibilityVersion = "Xcode 14.0";
			developmentRegion = en;
			hasScannedForEncodings = 0;
			knownRegions = (
				en,
				Base,
			);
			mainGroup = 3C3427F12D0D4D950047C43C;
			packageReferences = (
				3C8C01732D1273530000086E /* XCRemoteSwiftPackageReference "firebase-ios-sdk" */,
			);
			productRefGroup = 3C3427FB2D0D4D950047C43C /* Products */;
			projectDirPath = "";
			projectRoot = "";
			targets = (
				3C3427F92D0D4D950047C43C /* Reminder */,
			);
		};
/* End PBXProject section */

/* Begin PBXResourcesBuildPhase section */
		3C3427F82D0D4D950047C43C /* Resources */ = {
			isa = PBXResourcesBuildPhase;
			buildActionMask = 2147483647;
			files = (
				3C3428072D0D4D970047C43C /* Assets.xcassets in Resources */,
				3C8C01912D127A870000086E /* GoogleService-Info.plist in Resources */,
			);
			runOnlyForDeploymentPostprocessing = 0;
		};
/* End PBXResourcesBuildPhase section */

/* Begin PBXSourcesBuildPhase section */
		3C3427F62D0D4D950047C43C /* Sources */ = {
			isa = PBXSourcesBuildPhase;
			buildActionMask = 2147483647;
			files = (
				3C8C016A2D126AE00000086E /* Colors.constants.swift in Sources */,
				3C8C015D2D12697A0000086E /* SplashView.swift in Sources */,
				3C90061A2D13C2140012FC19 /* ViewControllersFactory.swift in Sources */,
				3C8C01722D126E300000086E /* LoginViewModel.swift in Sources */,
				3C8C01642D126A6B0000086E /* LoginBottomSheetView.swift in Sources */,
				3C9006102D139D630012FC19 /* LoginBottomSheetViewFlowDelegate.swift in Sources */,
				3C9006122D139E5D0012FC19 /* LoginBottomSheetFlowDelegate.swift in Sources */,
				3C8C016C2D126B010000086E /* Metricks.swift in Sources */,
				3C8C01702D126BB90000086E /* LoginBottomSheetProtocol.swift in Sources */,
				3C8C015B2D1269420000086E /* SplashViewController.swift in Sources */,
				3C8C01622D126A4F0000086E /* LoginBottomSheetViewController.swift in Sources */,
				3C3427FE2D0D4D950047C43C /* AppDelegate.swift in Sources */,
				3C8C01932D1284940000086E /* ReminderFlowController.swift in Sources */,
				3C9006182D13C1050012FC19 /* ViewControllersFactoryProtocol .swift in Sources */,
				3C8C016E2D126B230000086E /* Typography.swift in Sources */,
				3C3428002D0D4D950047C43C /* SceneDelegate.swift in Sources */,
				3C9006142D13AC750012FC19 /* SplashFlowDelegate .swift in Sources */,
			);
			runOnlyForDeploymentPostprocessing = 0;
		};
/* End PBXSourcesBuildPhase section */

/* Begin XCBuildConfiguration section */
		3C34280C2D0D4D970047C43C /* Debug */ = {
			isa = XCBuildConfiguration;
			buildSettings = {
				ALWAYS_SEARCH_USER_PATHS = NO;
				CLANG_ANALYZER_NONNULL = YES;
				CLANG_ANALYZER_NUMBER_OBJECT_CONVERSION = YES_AGGRESSIVE;
				CLANG_CXX_LANGUAGE_STANDARD = "gnu++20";
				CLANG_ENABLE_MODULES = YES;
				CLANG_ENABLE_OBJC_ARC = YES;
				CLANG_ENABLE_OBJC_WEAK = YES;
				CLANG_WARN_BLOCK_CAPTURE_AUTORELEASING = YES;
				CLANG_WARN_BOOL_CONVERSION = YES;
				CLANG_WARN_COMMA = YES;
				CLANG_WARN_CONSTANT_CONVERSION = YES;
				CLANG_WARN_DEPRECATED_OBJC_IMPLEMENTATIONS = YES;
				CLANG_WARN_DIRECT_OBJC_ISA_USAGE = YES_ERROR;
				CLANG_WARN_DOCUMENTATION_COMMENTS = YES;
				CLANG_WARN_EMPTY_BODY = YES;
				CLANG_WARN_ENUM_CONVERSION = YES;
				CLANG_WARN_INFINITE_RECURSION = YES;
				CLANG_WARN_INT_CONVERSION = YES;
				CLANG_WARN_NON_LITERAL_NULL_CONVERSION = YES;
				CLANG_WARN_OBJC_IMPLICIT_RETAIN_SELF = YES;
				CLANG_WARN_OBJC_LITERAL_CONVERSION = YES;
				CLANG_WARN_OBJC_ROOT_CLASS = YES_ERROR;
				CLANG_WARN_QUOTED_INCLUDE_IN_FRAMEWORK_HEADER = YES;
				CLANG_WARN_RANGE_LOOP_ANALYSIS = YES;
				CLANG_WARN_STRICT_PROTOTYPES = YES;
				CLANG_WARN_SUSPICIOUS_MOVE = YES;
				CLANG_WARN_UNGUARDED_AVAILABILITY = YES_AGGRESSIVE;
				CLANG_WARN_UNREACHABLE_CODE = YES;
				CLANG_WARN__DUPLICATE_METHOD_MATCH = YES;
				COPY_PHASE_STRIP = NO;
				DEBUG_INFORMATION_FORMAT = dwarf;
				ENABLE_STRICT_OBJC_MSGSEND = YES;
				ENABLE_TESTABILITY = YES;
				GCC_C_LANGUAGE_STANDARD = gnu11;
				GCC_DYNAMIC_NO_PIC = NO;
				GCC_NO_COMMON_BLOCKS = YES;
				GCC_OPTIMIZATION_LEVEL = 0;
				GCC_PREPROCESSOR_DEFINITIONS = (
					"DEBUG=1",
					"$(inherited)",
				);
				GCC_WARN_64_TO_32_BIT_CONVERSION = YES;
				GCC_WARN_ABOUT_RETURN_TYPE = YES_ERROR;
				GCC_WARN_UNDECLARED_SELECTOR = YES;
				GCC_WARN_UNINITIALIZED_AUTOS = YES_AGGRESSIVE;
				GCC_WARN_UNUSED_FUNCTION = YES;
				GCC_WARN_UNUSED_VARIABLE = YES;
				IPHONEOS_DEPLOYMENT_TARGET = 16.4;
				MTL_ENABLE_DEBUG_INFO = INCLUDE_SOURCE;
				MTL_FAST_MATH = YES;
				ONLY_ACTIVE_ARCH = YES;
				SDKROOT = iphoneos;
				SWIFT_ACTIVE_COMPILATION_CONDITIONS = DEBUG;
				SWIFT_OPTIMIZATION_LEVEL = "-Onone";
			};
			name = Debug;
		};
		3C34280D2D0D4D970047C43C /* Release */ = {
			isa = XCBuildConfiguration;
			buildSettings = {
				ALWAYS_SEARCH_USER_PATHS = NO;
				CLANG_ANALYZER_NONNULL = YES;
				CLANG_ANALYZER_NUMBER_OBJECT_CONVERSION = YES_AGGRESSIVE;
				CLANG_CXX_LANGUAGE_STANDARD = "gnu++20";
				CLANG_ENABLE_MODULES = YES;
				CLANG_ENABLE_OBJC_ARC = YES;
				CLANG_ENABLE_OBJC_WEAK = YES;
				CLANG_WARN_BLOCK_CAPTURE_AUTORELEASING = YES;
				CLANG_WARN_BOOL_CONVERSION = YES;
				CLANG_WARN_COMMA = YES;
				CLANG_WARN_CONSTANT_CONVERSION = YES;
				CLANG_WARN_DEPRECATED_OBJC_IMPLEMENTATIONS = YES;
				CLANG_WARN_DIRECT_OBJC_ISA_USAGE = YES_ERROR;
				CLANG_WARN_DOCUMENTATION_COMMENTS = YES;
				CLANG_WARN_EMPTY_BODY = YES;
				CLANG_WARN_ENUM_CONVERSION = YES;
				CLANG_WARN_INFINITE_RECURSION = YES;
				CLANG_WARN_INT_CONVERSION = YES;
				CLANG_WARN_NON_LITERAL_NULL_CONVERSION = YES;
				CLANG_WARN_OBJC_IMPLICIT_RETAIN_SELF = YES;
				CLANG_WARN_OBJC_LITERAL_CONVERSION = YES;
				CLANG_WARN_OBJC_ROOT_CLASS = YES_ERROR;
				CLANG_WARN_QUOTED_INCLUDE_IN_FRAMEWORK_HEADER = YES;
				CLANG_WARN_RANGE_LOOP_ANALYSIS = YES;
				CLANG_WARN_STRICT_PROTOTYPES = YES;
				CLANG_WARN_SUSPICIOUS_MOVE = YES;
				CLANG_WARN_UNGUARDED_AVAILABILITY = YES_AGGRESSIVE;
				CLANG_WARN_UNREACHABLE_CODE = YES;
				CLANG_WARN__DUPLICATE_METHOD_MATCH = YES;
				COPY_PHASE_STRIP = NO;
				DEBUG_INFORMATION_FORMAT = "dwarf-with-dsym";
				ENABLE_NS_ASSERTIONS = NO;
				ENABLE_STRICT_OBJC_MSGSEND = YES;
				GCC_C_LANGUAGE_STANDARD = gnu11;
				GCC_NO_COMMON_BLOCKS = YES;
				GCC_WARN_64_TO_32_BIT_CONVERSION = YES;
				GCC_WARN_ABOUT_RETURN_TYPE = YES_ERROR;
				GCC_WARN_UNDECLARED_SELECTOR = YES;
				GCC_WARN_UNINITIALIZED_AUTOS = YES_AGGRESSIVE;
				GCC_WARN_UNUSED_FUNCTION = YES;
				GCC_WARN_UNUSED_VARIABLE = YES;
				IPHONEOS_DEPLOYMENT_TARGET = 16.4;
				MTL_ENABLE_DEBUG_INFO = NO;
				MTL_FAST_MATH = YES;
				SDKROOT = iphoneos;
				SWIFT_COMPILATION_MODE = wholemodule;
				SWIFT_OPTIMIZATION_LEVEL = "-O";
				VALIDATE_PRODUCT = YES;
			};
			name = Release;
		};
		3C34280F2D0D4D970047C43C /* Debug */ = {
			isa = XCBuildConfiguration;
			buildSettings = {
				ASSETCATALOG_COMPILER_APPICON_NAME = AppIcon;
				ASSETCATALOG_COMPILER_GLOBAL_ACCENT_COLOR_NAME = AccentColor;
				CLANG_ENABLE_MODULES = YES;
				CODE_SIGN_STYLE = Automatic;
				CURRENT_PROJECT_VERSION = 1;
				GENERATE_INFOPLIST_FILE = YES;
				INFOPLIST_FILE = Reminder/Info.plist;
				INFOPLIST_KEY_UIApplicationSupportsIndirectInputEvents = YES;
				INFOPLIST_KEY_UILaunchStoryboardName = LaunchScreen;
				INFOPLIST_KEY_UISupportedInterfaceOrientations_iPad = "UIInterfaceOrientationPortrait UIInterfaceOrientationPortraitUpsideDown UIInterfaceOrientationLandscapeLeft UIInterfaceOrientationLandscapeRight";
				INFOPLIST_KEY_UISupportedInterfaceOrientations_iPhone = "UIInterfaceOrientationPortrait UIInterfaceOrientationLandscapeLeft UIInterfaceOrientationLandscapeRight";
				LD_RUNPATH_SEARCH_PATHS = (
					"$(inherited)",
					"@executable_path/Frameworks",
				);
				MARKETING_VERSION = 1.0;
				PRODUCT_BUNDLE_IDENTIFIER = bantu.io.Reminder;
				PRODUCT_NAME = "$(TARGET_NAME)";
				SWIFT_EMIT_LOC_STRINGS = YES;
				SWIFT_OPTIMIZATION_LEVEL = "-Onone";
				SWIFT_VERSION = 5.0;
				TARGETED_DEVICE_FAMILY = "1,2";
			};
			name = Debug;
		};
		3C3428102D0D4D970047C43C /* Release */ = {
			isa = XCBuildConfiguration;
			buildSettings = {
				ASSETCATALOG_COMPILER_APPICON_NAME = AppIcon;
				ASSETCATALOG_COMPILER_GLOBAL_ACCENT_COLOR_NAME = AccentColor;
				CLANG_ENABLE_MODULES = YES;
				CODE_SIGN_STYLE = Automatic;
				CURRENT_PROJECT_VERSION = 1;
				GENERATE_INFOPLIST_FILE = YES;
				INFOPLIST_FILE = Reminder/Info.plist;
				INFOPLIST_KEY_UIApplicationSupportsIndirectInputEvents = YES;
				INFOPLIST_KEY_UILaunchStoryboardName = LaunchScreen;
				INFOPLIST_KEY_UISupportedInterfaceOrientations_iPad = "UIInterfaceOrientationPortrait UIInterfaceOrientationPortraitUpsideDown UIInterfaceOrientationLandscapeLeft UIInterfaceOrientationLandscapeRight";
				INFOPLIST_KEY_UISupportedInterfaceOrientations_iPhone = "UIInterfaceOrientationPortrait UIInterfaceOrientationLandscapeLeft UIInterfaceOrientationLandscapeRight";
				LD_RUNPATH_SEARCH_PATHS = (
					"$(inherited)",
					"@executable_path/Frameworks",
				);
				MARKETING_VERSION = 1.0;
				PRODUCT_BUNDLE_IDENTIFIER = bantu.io.Reminder;
				PRODUCT_NAME = "$(TARGET_NAME)";
				SWIFT_EMIT_LOC_STRINGS = YES;
				SWIFT_VERSION = 5.0;
				TARGETED_DEVICE_FAMILY = "1,2";
			};
			name = Release;
		};
/* End XCBuildConfiguration section */

/* Begin XCConfigurationList section */
		3C3427F52D0D4D950047C43C /* Build configuration list for PBXProject "Reminder" */ = {
			isa = XCConfigurationList;
			buildConfigurations = (
				3C34280C2D0D4D970047C43C /* Debug */,
				3C34280D2D0D4D970047C43C /* Release */,
			);
			defaultConfigurationIsVisible = 0;
			defaultConfigurationName = Release;
		};
		3C34280E2D0D4D970047C43C /* Build configuration list for PBXNativeTarget "Reminder" */ = {
			isa = XCConfigurationList;
			buildConfigurations = (
				3C34280F2D0D4D970047C43C /* Debug */,
				3C3428102D0D4D970047C43C /* Release */,
			);
			defaultConfigurationIsVisible = 0;
			defaultConfigurationName = Release;
		};
/* End XCConfigurationList section */

/* Begin XCRemoteSwiftPackageReference section */
		3C8C01732D1273530000086E /* XCRemoteSwiftPackageReference "firebase-ios-sdk" */ = {
			isa = XCRemoteSwiftPackageReference;
			repositoryURL = "https://github.com/firebase/firebase-ios-sdk";
			requirement = {
				kind = upToNextMajorVersion;
				minimumVersion = 10.0.0;
			};
		};
/* End XCRemoteSwiftPackageReference section */

/* Begin XCSwiftPackageProductDependency section */
		3C8C01742D1273530000086E /* FirebaseAnalytics */ = {
			isa = XCSwiftPackageProductDependency;
			package = 3C8C01732D1273530000086E /* XCRemoteSwiftPackageReference "firebase-ios-sdk" */;
			productName = FirebaseAnalytics;
		};
		3C8C01762D1273530000086E /* FirebaseAnalyticsOnDeviceConversion */ = {
			isa = XCSwiftPackageProductDependency;
			package = 3C8C01732D1273530000086E /* XCRemoteSwiftPackageReference "firebase-ios-sdk" */;
			productName = FirebaseAnalyticsOnDeviceConversion;
		};
		3C8C01782D1273530000086E /* FirebaseAnalyticsSwift */ = {
			isa = XCSwiftPackageProductDependency;
			package = 3C8C01732D1273530000086E /* XCRemoteSwiftPackageReference "firebase-ios-sdk" */;
			productName = FirebaseAnalyticsSwift;
		};
		3C8C017A2D1273530000086E /* FirebaseAnalyticsWithoutAdIdSupport */ = {
			isa = XCSwiftPackageProductDependency;
			package = 3C8C01732D1273530000086E /* XCRemoteSwiftPackageReference "firebase-ios-sdk" */;
			productName = FirebaseAnalyticsWithoutAdIdSupport;
		};
		3C8C017C2D1273530000086E /* FirebaseAppCheck */ = {
			isa = XCSwiftPackageProductDependency;
			package = 3C8C01732D1273530000086E /* XCRemoteSwiftPackageReference "firebase-ios-sdk" */;
			productName = FirebaseAppCheck;
		};
		3C8C017E2D1273530000086E /* FirebaseAppDistribution-Beta */ = {
			isa = XCSwiftPackageProductDependency;
			package = 3C8C01732D1273530000086E /* XCRemoteSwiftPackageReference "firebase-ios-sdk" */;
			productName = "FirebaseAppDistribution-Beta";
		};
		3C8C01802D1273530000086E /* FirebaseAuth */ = {
			isa = XCSwiftPackageProductDependency;
			package = 3C8C01732D1273530000086E /* XCRemoteSwiftPackageReference "firebase-ios-sdk" */;
			productName = FirebaseAuth;
		};
		3C8C01822D1273530000086E /* FirebaseAuthCombine-Community */ = {
			isa = XCSwiftPackageProductDependency;
			package = 3C8C01732D1273530000086E /* XCRemoteSwiftPackageReference "firebase-ios-sdk" */;
			productName = "FirebaseAuthCombine-Community";
		};
		3C8C01842D1273530000086E /* FirebaseCrashlytics */ = {
			isa = XCSwiftPackageProductDependency;
			package = 3C8C01732D1273530000086E /* XCRemoteSwiftPackageReference "firebase-ios-sdk" */;
			productName = FirebaseCrashlytics;
		};
		3C8C01862D1273530000086E /* FirebaseDatabase */ = {
			isa = XCSwiftPackageProductDependency;
			package = 3C8C01732D1273530000086E /* XCRemoteSwiftPackageReference "firebase-ios-sdk" */;
			productName = FirebaseDatabase;
		};
		3C8C01882D1273530000086E /* FirebaseDatabaseSwift */ = {
			isa = XCSwiftPackageProductDependency;
			package = 3C8C01732D1273530000086E /* XCRemoteSwiftPackageReference "firebase-ios-sdk" */;
			productName = FirebaseDatabaseSwift;
		};
		3C8C018A2D1273530000086E /* FirebaseDynamicLinks */ = {
			isa = XCSwiftPackageProductDependency;
			package = 3C8C01732D1273530000086E /* XCRemoteSwiftPackageReference "firebase-ios-sdk" */;
			productName = FirebaseDynamicLinks;
		};
/* End XCSwiftPackageProductDependency section */
	};
	rootObject = 3C3427F22D0D4D950047C43C /* Project object */;
}
